<Solution>
  <Folder Name="/src/">
    <Project Path="src/RaceHunter.Api/RaceHunter.Api.csproj" />
    <Project Path="src/RaceHunter.Application/RaceHunter.Application.csproj" />
    <Project Path="src/RaceHunter.Concurrency/RaceHunter.Concurrency.csproj" />
    <Project Path="src/RaceHunter.Contracts/RaceHunter.Contracts.csproj" />
    <Project Path="src/RaceHunter.Domain/RaceHunter.Domain.csproj" />
    <Project Path="src/RaceHunter.Gemini/RaceHunter.Gemini.csproj" />
    <Project Path="src/RaceHunter.Infrastructure/RaceHunter.Infrastructure.csproj" />
    <Project Path="src/RaceHunter.ReferenceTarget/RaceHunter.ReferenceTarget.csproj" />
    <Project Path="src/RaceHunter.Worker/RaceHunter.Worker.csproj" />
  </Folder>
  <Folder Name="/tests/">
    <Project Path="tests/RaceHunter.Architecture.Tests/RaceHunter.Architecture.Tests.csproj" />
    <Project Path="tests/RaceHunter.Infrastructure.IntegrationTests/RaceHunter.Infrastructure.IntegrationTests.csproj" />
    <Project Path="tests/RaceHunter.ReferenceTarget.Tests/RaceHunter.ReferenceTarget.Tests.csproj" />
  </Folder>
</Solution>
